
Microsoft Visual Studio Solution File, Format Version 12.00
# Visual Studio 2013
VisualStudioVersion = 12.0.21005.1
MinimumVisualStudioVersion = 10.0.40219.1
Project("{FAE04EC0-301F-11D3-BF4B-00C04F79EFBC}") = "CLKonto", "CLKonto\CLKonto.csproj", "{EEF88F42-821B-49A3-8992-2AA5D72065B8}"
EndProject
Project("{FAE04EC0-301F-11D3-BF4B-00C04F79EFBC}") = "ConKonto", "ConKonto\ConKonto.csproj", "{17BDF306-94BE-4394-9A85-949772514A50}"
EndProject
Project("{FAE04EC0-301F-11D3-BF4B-00C04F79EFBC}") = "WpfKonto", "WpfKonto\WpfKonto.csproj", "{70963DA3-AB3D-4B63-87FE-9873034DB43A}"
EndProject
Global
	GlobalSection(SolutionConfigurationPlatforms) = preSolution
		Debug|Any CPU = Debug|Any CPU
		Release|Any CPU = Release|Any CPU
	EndGlobalSection
	GlobalSection(ProjectConfigurationPlatforms) = postSolution
		{EEF88F42-821B-49A3-8992-2AA5D72065B8}.Debug|Any CPU.ActiveCfg = Debug|Any CPU
		{EEF88F42-821B-49A3-8992-2AA5D72065B8}.Debug|Any CPU.Build.0 = Debug|Any CPU
		{EEF88F42-821B-49A3-8992-2AA5D72065B8}.Release|Any CPU.ActiveCfg = Release|Any CPU
		{EEF88F42-821B-49A3-8992-2AA5D72065B8}.Release|Any CPU.Build.0 = Release|Any CPU
		{17BDF306-94BE-4394-9A85-949772514A50}.Debug|Any CPU.ActiveCfg = Debug|Any CPU
		{17BDF306-94BE-4394-9A85-949772514A50}.Debug|Any CPU.Build.0 = Debug|Any CPU
		{17BDF306-94BE-4394-9A85-949772514A50}.Release|Any CPU.ActiveCfg = Release|Any CPU
		{17BDF306-94BE-4394-9A85-949772514A50}.Release|Any CPU.Build.0 = Release|Any CPU
		{70963DA3-AB3D-4B63-87FE-9873034DB43A}.Debug|Any CPU.ActiveCfg = Debug|Any CPU
		{70963DA3-AB3D-4B63-87FE-9873034DB43A}.Debug|Any CPU.Build.0 = Debug|Any CPU
		{70963DA3-AB3D-4B63-87FE-9873034DB43A}.Release|Any CPU.ActiveCfg = Release|Any CPU
		{70963DA3-AB3D-4B63-87FE-9873034DB43A}.Release|Any CPU.Build.0 = Release|Any CPU
	EndGlobalSection
	GlobalSection(SolutionProperties) = preSolution
		HideSolutionNode = FALSE
	EndGlobalSection
EndGlobal
